// !$*UTF8*$!
{
	archiveVersion = 1;
	classes = {
	};
	objectVersion = 46;
	objects = {

/* Begin PBXBuildFile section */
		B422ABDF1DFC441F00925E6A /* AppDelegate.swift in Sources */ = {isa = PBXBuildFile; fileRef = B422ABDE1DFC441F00925E6A /* AppDelegate.swift */; };
		B422AC011DFC45F400925E6A /* Assets.xcassets in Resources */ = {isa = PBXBuildFile; fileRef = B422AC001DFC45F400925E6A /* Assets.xcassets */; };
/* End PBXBuildFile section */

/* Begin PBXFileReference section */
		B422ABDB1DFC441F00925E6A /* ElPassion-Github.app */ = {isa = PBXFileReference; explicitFileType = wrapper.application; includeInIndex = 0; path = "ElPassion-Github.app"; sourceTree = BUILT_PRODUCTS_DIR; };
		B422ABDE1DFC441F00925E6A /* AppDelegate.swift */ = {isa = PBXFileReference; lastKnownFileType = sourcecode.swift; path = AppDelegate.swift; sourceTree = "<group>"; };
		B422ABEA1DFC441F00925E6A /* Info.plist */ = {isa = PBXFileReference; lastKnownFileType = text.plist.xml; name = Info.plist; path = ../Info.plist; sourceTree = "<group>"; };
		B422ABF51DFC457400925E6A /* Base */ = {isa = PBXFileReference; lastKnownFileType = file.storyboard; name = Base; path = LaunchScreen.storyboard; sourceTree = "<group>"; };
		B422ABF71DFC457400925E6A /* Base */ = {isa = PBXFileReference; lastKnownFileType = file.storyboard; name = Base; path = Main.storyboard; sourceTree = "<group>"; };
		B422AC001DFC45F400925E6A /* Assets.xcassets */ = {isa = PBXFileReference; lastKnownFileType = folder.assetcatalog; path = Assets.xcassets; sourceTree = "<group>"; };
/* End PBXFileReference section */

/* Begin PBXFrameworksBuildPhase section */
		B422ABD81DFC441F00925E6A /* Frameworks */ = {
			isa = PBXFrameworksBuildPhase;
			buildActionMask = 2147483647;
			files = (
			);
			runOnlyForDeploymentPostprocessing = 0;
		};
/* End PBXFrameworksBuildPhase section */

/* Begin PBXGroup section */
		B422ABD21DFC441F00925E6A = {
			isa = PBXGroup;
			children = (
				B422ABDD1DFC441F00925E6A /* ElPassion-Github */,
				B422ABDC1DFC441F00925E6A /* Products */,
			);
			sourceTree = "<group>";
		};
		B422ABDC1DFC441F00925E6A /* Products */ = {
			isa = PBXGroup;
			children = (
				B422ABDB1DFC441F00925E6A /* ElPassion-Github.app */,
			);
			name = Products;
			sourceTree = "<group>";
		};
		B422ABDD1DFC441F00925E6A /* ElPassion-Github */ = {
			isa = PBXGroup;
			children = (
				B422ABDE1DFC441F00925E6A /* AppDelegate.swift */,
				B422ABF01DFC457400925E6A /* API */,
				B422ABF11DFC457400925E6A /* Assets */,
				B422ABF31DFC457400925E6A /* Base.lproj */,
				B422ABF81DFC457400925E6A /* Controllers */,
				B422ABF91DFC457400925E6A /* Extension */,
				B422ABFA1DFC457400925E6A /* Models */,
				B422ABFB1DFC457400925E6A /* Resources */,
				B422ABFC1DFC457400925E6A /* Views */,
			);
			path = "ElPassion-Github";
			sourceTree = "<group>";
		};
		B422ABF01DFC457400925E6A /* API */ = {
			isa = PBXGroup;
			children = (
			);
			path = API;
			sourceTree = "<group>";
		};
		B422ABF11DFC457400925E6A /* Assets */ = {
			isa = PBXGroup;
			children = (
			);
			path = Assets;
			sourceTree = "<group>";
		};
		B422ABF31DFC457400925E6A /* Base.lproj */ = {
			isa = PBXGroup;
			children = (
				B422ABF41DFC457400925E6A /* LaunchScreen.storyboard */,
				B422ABF61DFC457400925E6A /* Main.storyboard */,
			);
			path = Base.lproj;
			sourceTree = "<group>";
		};
		B422ABF81DFC457400925E6A /* Controllers */ = {
			isa = PBXGroup;
			children = (
			);
			path = Controllers;
			sourceTree = "<group>";
		};
		B422ABF91DFC457400925E6A /* Extension */ = {
			isa = PBXGroup;
			children = (
			);
			path = Extension;
			sourceTree = "<group>";
		};
		B422ABFA1DFC457400925E6A /* Models */ = {
			isa = PBXGroup;
			children = (
			);
			path = Models;
			sourceTree = "<group>";
		};
		B422ABFB1DFC457400925E6A /* Resources */ = {
			isa = PBXGroup;
			children = (
				B422ABEA1DFC441F00925E6A /* Info.plist */,
				B422AC001DFC45F400925E6A /* Assets.xcassets */,
			);
			path = Resources;
			sourceTree = "<group>";
		};
		B422ABFC1DFC457400925E6A /* Views */ = {
			isa = PBXGroup;
			children = (
			);
			path = Views;
			sourceTree = "<group>";
		};
/* End PBXGroup section */

/* Begin PBXNativeTarget section */
		B422ABDA1DFC441F00925E6A /* ElPassion-Github */ = {
			isa = PBXNativeTarget;
			buildConfigurationList = B422ABED1DFC441F00925E6A /* Build configuration list for PBXNativeTarget "ElPassion-Github" */;
			buildPhases = (
				B422ABD71DFC441F00925E6A /* Sources */,
				B422ABD81DFC441F00925E6A /* Frameworks */,
				B422ABD91DFC441F00925E6A /* Resources */,
			);
			buildRules = (
			);
			dependencies = (
			);
			name = "ElPassion-Github";
			productName = "ElPassion-Github";
			productReference = B422ABDB1DFC441F00925E6A /* ElPassion-Github.app */;
			productType = "com.apple.product-type.application";
		};
/* End PBXNativeTarget section */

/* Begin PBXProject section */
		B422ABD31DFC441F00925E6A /* Project object */ = {
			isa = PBXProject;
			attributes = {
				LastSwiftUpdateCheck = 0810;
				LastUpgradeCheck = 0810;
				ORGANIZATIONNAME = "Dominik Reczek";
				TargetAttributes = {
					B422ABDA1DFC441F00925E6A = {
						CreatedOnToolsVersion = 8.1;
						DevelopmentTeam = 8BA4XK6Q7R;
						ProvisioningStyle = Automatic;
					};
				};
			};
			buildConfigurationList = B422ABD61DFC441F00925E6A /* Build configuration list for PBXProject "ElPassion-Github" */;
			compatibilityVersion = "Xcode 3.2";
			developmentRegion = English;
			hasScannedForEncodings = 0;
			knownRegions = (
				en,
				Base,
			);
			mainGroup = B422ABD21DFC441F00925E6A;
			productRefGroup = B422ABDC1DFC441F00925E6A /* Products */;
			projectDirPath = "";
			projectRoot = "";
			targets = (
				B422ABDA1DFC441F00925E6A /* ElPassion-Github */,
			);
		};
/* End PBXProject section */

/* Begin PBXResourcesBuildPhase section */
		B422ABD91DFC441F00925E6A /* Resources */ = {
			isa = PBXResourcesBuildPhase;
			buildActionMask = 2147483647;
			files = (
				B422AC011DFC45F400925E6A /* Assets.xcassets in Resources */,
			);
			runOnlyForDeploymentPostprocessing = 0;
		};
/* End PBXResourcesBuildPhase section */

/* Begin PBXSourcesBuildPhase section */
		B422ABD71DFC441F00925E6A /* Sources */ = {
			isa = PBXSourcesBuildPhase;
			buildActionMask = 2147483647;
			files = (
				B422ABDF1DFC441F00925E6A /* AppDelegate.swift in Sources */,
			);
			runOnlyForDeploymentPostprocessing = 0;
		};
/* End PBXSourcesBuildPhase section */

/* Begin PBXVariantGroup section */
		B422ABF41DFC457400925E6A /* LaunchScreen.storyboard */ = {
			isa = PBXVariantGroup;
			children = (
				B422ABF51DFC457400925E6A /* Base */,
			);
			name = LaunchScreen.storyboard;
			sourceTree = "<group>";
		};
		B422ABF61DFC457400925E6A /* Main.storyboard */ = {
			isa = PBXVariantGroup;
			children = (
				B422ABF71DFC457400925E6A /* Base */,
			);
			name = Main.storyboard;
			sourceTree = "<group>";
		};
/* End PBXVariantGroup section */

/* Begin XCBuildConfiguration section */
		B422ABEB1DFC441F00925E6A /* Debug */ = {
			isa = XCBuildConfiguration;
			buildSettings = {
				ALWAYS_SEARCH_USER_PATHS = NO;
				CLANG_ANALYZER_NONNULL = YES;
				CLANG_CXX_LANGUAGE_STANDARD = "gnu++0x";
				CLANG_CXX_LIBRARY = "libc++";
				CLANG_ENABLE_MODULES = YES;
				CLANG_ENABLE_OBJC_ARC = YES;
				CLANG_WARN_BOOL_CONVERSION = YES;
				CLANG_WARN_CONSTANT_CONVERSION = YES;
				CLANG_WARN_DIRECT_OBJC_ISA_USAGE = YES_ERROR;
				CLANG_WARN_DOCUMENTATION_COMMENTS = YES;
				CLANG_WARN_EMPTY_BODY = YES;
				CLANG_WARN_ENUM_CONVERSION = YES;
				CLANG_WARN_INFINITE_RECURSION = YES;
				CLANG_WARN_INT_CONVERSION = YES;
				CLANG_WARN_OBJC_ROOT_CLASS = YES_ERROR;
				CLANG_WARN_SUSPICIOUS_MOVES = YES;
				CLANG_WARN_UNREACHABLE_CODE = YES;
				CLANG_WARN__DUPLICATE_METHOD_MATCH = YES;
				"CODE_SIGN_IDENTITY[sdk=iphoneos*]" = "iPhone Developer";
				COPY_PHASE_STRIP = NO;
				DEBUG_INFORMATION_FORMAT = dwarf;
				ENABLE_STRICT_OBJC_MSGSEND = YES;
				ENABLE_TESTABILITY = YES;
				GCC_C_LANGUAGE_STANDARD = gnu99;
				GCC_DYNAMIC_NO_PIC = NO;
				GCC_NO_COMMON_BLOCKS = YES;
				GCC_OPTIMIZATION_LEVEL = 0;
				GCC_PREPROCESSOR_DEFINITIONS = (
					"DEBUG=1",
					"$(inherited)",
				);
				GCC_WARN_64_TO_32_BIT_CONVERSION = YES;
				GCC_WARN_ABOUT_RETURN_TYPE = YES_ERROR;
				GCC_WARN_UNDECLARED_SELECTOR = YES;
				GCC_WARN_UNINITIALIZED_AUTOS = YES_AGGRESSIVE;
				GCC_WARN_UNUSED_FUNCTION = YES;
				GCC_WARN_UNUSED_VARIABLE = YES;
				IPHONEOS_DEPLOYMENT_TARGET = 9.0;
				MTL_ENABLE_DEBUG_INFO = YES;
				ONLY_ACTIVE_ARCH = YES;
				SDKROOT = iphoneos;
				SWIFT_ACTIVE_COMPILATION_CONDITIONS = DEBUG;
				SWIFT_OPTIMIZATION_LEVEL = "-Onone";
			};
			name = Debug;
		};
		B422ABEC1DFC441F00925E6A /* Release */ = {
			isa = XCBuildConfiguration;
			buildSettings = {
				ALWAYS_SEARCH_USER_PATHS = NO;
				CLANG_ANALYZER_NONNULL = YES;
				CLANG_CXX_LANGUAGE_STANDARD = "gnu++0x";
				CLANG_CXX_LIBRARY = "libc++";
				CLANG_ENABLE_MODULES = YES;
				CLANG_ENABLE_OBJC_ARC = YES;
				CLANG_WARN_BOOL_CONVERSION = YES;
				CLANG_WARN_CONSTANT_CONVERSION = YES;
				CLANG_WARN_DIRECT_OBJC_ISA_USAGE = YES_ERROR;
				CLANG_WARN_DOCUMENTATION_COMMENTS = YES;
				CLANG_WARN_EMPTY_BODY = YES;
				CLANG_WARN_ENUM_CONVERSION = YES;
				CLANG_WARN_INFINITE_RECURSION = YES;
				CLANG_WARN_INT_CONVERSION = YES;
				CLANG_WARN_OBJC_ROOT_CLASS = YES_ERROR;
				CLANG_WARN_SUSPICIOUS_MOVES = YES;
				CLANG_WARN_UNREACHABLE_CODE = YES;
				CLANG_WARN__DUPLICATE_METHOD_MATCH = YES;
				"CODE_SIGN_IDENTITY[sdk=iphoneos*]" = "iPhone Developer";
				COPY_PHASE_STRIP = NO;
				DEBUG_INFORMATION_FORMAT = "dwarf-with-dsym";
				ENABLE_NS_ASSERTIONS = NO;
				ENABLE_STRICT_OBJC_MSGSEND = YES;
				GCC_C_LANGUAGE_STANDARD = gnu99;
				GCC_NO_COMMON_BLOCKS = YES;
				GCC_WARN_64_TO_32_BIT_CONVERSION = YES;
				GCC_WARN_ABOUT_RETURN_TYPE = YES_ERROR;
				GCC_WARN_UNDECLARED_SELECTOR = YES;
				GCC_WARN_UNINITIALIZED_AUTOS = YES_AGGRESSIVE;
				GCC_WARN_UNUSED_FUNCTION = YES;
				GCC_WARN_UNUSED_VARIABLE = YES;
				IPHONEOS_DEPLOYMENT_TARGET = 9.0;
				MTL_ENABLE_DEBUG_INFO = NO;
				SDKROOT = iphoneos;
				SWIFT_OPTIMIZATION_LEVEL = "-Owholemodule";
				VALIDATE_PRODUCT = YES;
			};
			name = Release;
		};
		B422ABEE1DFC441F00925E6A /* Debug */ = {
			isa = XCBuildConfiguration;
			buildSettings = {
				ASSETCATALOG_COMPILER_APPICON_NAME = AppIcon;
				DEVELOPMENT_TEAM = 8BA4XK6Q7R;
				INFOPLIST_FILE = "ElPassion-Github/Info.plist";
				IPHONEOS_DEPLOYMENT_TARGET = 9.0;
				LD_RUNPATH_SEARCH_PATHS = "$(inherited) @executable_path/Frameworks";
				PRODUCT_BUNDLE_IDENTIFIER = "Dominik-Reczek.ElPassion-Github";
				PRODUCT_NAME = "$(TARGET_NAME)";
				SWIFT_VERSION = 3.0;
				TARGETED_DEVICE_FAMILY = 1;
			};
			name = Debug;
		};
		B422ABEF1DFC441F00925E6A /* Release */ = {
			isa = XCBuildConfiguration;
			buildSettings = {
				ASSETCATALOG_COMPILER_APPICON_NAME = AppIcon;
				DEVELOPMENT_TEAM = 8BA4XK6Q7R;
				INFOPLIST_FILE = "ElPassion-Github/Info.plist";
				IPHONEOS_DEPLOYMENT_TARGET = 9.0;
				LD_RUNPATH_SEARCH_PATHS = "$(inherited) @executable_path/Frameworks";
				PRODUCT_BUNDLE_IDENTIFIER = "Dominik-Reczek.ElPassion-Github";
				PRODUCT_NAME = "$(TARGET_NAME)";
				SWIFT_VERSION = 3.0;
				TARGETED_DEVICE_FAMILY = 1;
			};
			name = Release;
		};
/* End XCBuildConfiguration section */

/* Begin XCConfigurationList section */
		B422ABD61DFC441F00925E6A /* Build configuration list for PBXProject "ElPassion-Github" */ = {
			isa = XCConfigurationList;
			buildConfigurations = (
				B422ABEB1DFC441F00925E6A /* Debug */,
				B422ABEC1DFC441F00925E6A /* Release */,
			);
			defaultConfigurationIsVisible = 0;
			defaultConfigurationName = Release;
		};
		B422ABED1DFC441F00925E6A /* Build configuration list for PBXNativeTarget "ElPassion-Github" */ = {
			isa = XCConfigurationList;
			buildConfigurations = (
				B422ABEE1DFC441F00925E6A /* Debug */,
				B422ABEF1DFC441F00925E6A /* Release */,
			);
			defaultConfigurationIsVisible = 0;
		};
/* End XCConfigurationList section */
	};
	rootObject = B422ABD31DFC441F00925E6A /* Project object */;
}
