// !$*UTF8*$!
{
	archiveVersion = 1;
	classes = {
	};
	objectVersion = 46;
	objects = {

/* Begin PBXBuildFile section */
		27C09F22F6008485D7D1F800 /* Pods_ElPassion_Github.framework in Frameworks */ = {isa = PBXBuildFile; fileRef = 58CBCAD07732548049A6E538 /* Pods_ElPassion_Github.framework */; };
		B422ABDF1DFC441F00925E6A /* AppDelegate.swift in Sources */ = {isa = PBXBuildFile; fileRef = B422ABDE1DFC441F00925E6A /* AppDelegate.swift */; };
		B422AC011DFC45F400925E6A /* Assets.xcassets in Resources */ = {isa = PBXBuildFile; fileRef = B422AC001DFC45F400925E6A /* Assets.xcassets */; };
		B489275E1DFC64D900DB940F /* SearchViewController.swift in Sources */ = {isa = PBXBuildFile; fileRef = B489275D1DFC64D900DB940F /* SearchViewController.swift */; };
		B48927601DFC655900DB940F /* SearchView.swift in Sources */ = {isa = PBXBuildFile; fileRef = B489275F1DFC655900DB940F /* SearchView.swift */; };
		B48927621DFC6FD200DB940F /* UISearchBar+Appearance.swift in Sources */ = {isa = PBXBuildFile; fileRef = B48927611DFC6FD200DB940F /* UISearchBar+Appearance.swift */; };
		B48927641DFC71EE00DB940F /* APIManager.swift in Sources */ = {isa = PBXBuildFile; fileRef = B48927631DFC71EE00DB940F /* APIManager.swift */; };
		B4E24B321DFDAF5F00A46E99 /* SearchDataSource.swift in Sources */ = {isa = PBXBuildFile; fileRef = B4E24B311DFDAF5F00A46E99 /* SearchDataSource.swift */; };
		B4E24B381DFDC43800A46E99 /* UserDetailsViewController.swift in Sources */ = {isa = PBXBuildFile; fileRef = B4E24B371DFDC43800A46E99 /* UserDetailsViewController.swift */; };
		B4E24B3C1DFDC46500A46E99 /* UserDetailsView.swift in Sources */ = {isa = PBXBuildFile; fileRef = B4E24B3B1DFDC46500A46E99 /* UserDetailsView.swift */; };
		B4E24B3E1DFDC47A00A46E99 /* RepositoryDetailsViewController.swift in Sources */ = {isa = PBXBuildFile; fileRef = B4E24B3D1DFDC47A00A46E99 /* RepositoryDetailsViewController.swift */; };
		B4E24B401DFDC48F00A46E99 /* RepositoryDetailsView.swift in Sources */ = {isa = PBXBuildFile; fileRef = B4E24B3F1DFDC48F00A46E99 /* RepositoryDetailsView.swift */; };
/* End PBXBuildFile section */

/* Begin PBXFileReference section */
		2818D1314CA980AEDF83572F /* Pods-ElPassion-Github.debug.xcconfig */ = {isa = PBXFileReference; includeInIndex = 1; lastKnownFileType = text.xcconfig; name = "Pods-ElPassion-Github.debug.xcconfig"; path = "Pods/Target Support Files/Pods-ElPassion-Github/Pods-ElPassion-Github.debug.xcconfig"; sourceTree = "<group>"; };
		58CBCAD07732548049A6E538 /* Pods_ElPassion_Github.framework */ = {isa = PBXFileReference; explicitFileType = wrapper.framework; includeInIndex = 0; path = Pods_ElPassion_Github.framework; sourceTree = BUILT_PRODUCTS_DIR; };
		7C9B35ABA464181DCA3B0439 /* Pods-ElPassion-Github.release.xcconfig */ = {isa = PBXFileReference; includeInIndex = 1; lastKnownFileType = text.xcconfig; name = "Pods-ElPassion-Github.release.xcconfig"; path = "Pods/Target Support Files/Pods-ElPassion-Github/Pods-ElPassion-Github.release.xcconfig"; sourceTree = "<group>"; };
		B422ABDB1DFC441F00925E6A /* ElPassion-Github.app */ = {isa = PBXFileReference; explicitFileType = wrapper.application; includeInIndex = 0; path = "ElPassion-Github.app"; sourceTree = BUILT_PRODUCTS_DIR; };
		B422ABDE1DFC441F00925E6A /* AppDelegate.swift */ = {isa = PBXFileReference; lastKnownFileType = sourcecode.swift; path = AppDelegate.swift; sourceTree = "<group>"; };
		B422ABEA1DFC441F00925E6A /* Info.plist */ = {isa = PBXFileReference; lastKnownFileType = text.plist.xml; name = Info.plist; path = ../Info.plist; sourceTree = "<group>"; };
		B422ABF51DFC457400925E6A /* Base */ = {isa = PBXFileReference; lastKnownFileType = file.storyboard; name = Base; path = LaunchScreen.storyboard; sourceTree = "<group>"; };
		B422ABF71DFC457400925E6A /* Base */ = {isa = PBXFileReference; lastKnownFileType = file.storyboard; name = Base; path = Main.storyboard; sourceTree = "<group>"; };
		B422AC001DFC45F400925E6A /* Assets.xcassets */ = {isa = PBXFileReference; lastKnownFileType = folder.assetcatalog; path = Assets.xcassets; sourceTree = "<group>"; };
		B489275D1DFC64D900DB940F /* SearchViewController.swift */ = {isa = PBXFileReference; fileEncoding = 4; lastKnownFileType = sourcecode.swift; path = SearchViewController.swift; sourceTree = "<group>"; };
		B489275F1DFC655900DB940F /* SearchView.swift */ = {isa = PBXFileReference; fileEncoding = 4; lastKnownFileType = sourcecode.swift; path = SearchView.swift; sourceTree = "<group>"; };
		B48927611DFC6FD200DB940F /* UISearchBar+Appearance.swift */ = {isa = PBXFileReference; fileEncoding = 4; lastKnownFileType = sourcecode.swift; path = "UISearchBar+Appearance.swift"; sourceTree = "<group>"; };
		B48927631DFC71EE00DB940F /* APIManager.swift */ = {isa = PBXFileReference; fileEncoding = 4; lastKnownFileType = sourcecode.swift; path = APIManager.swift; sourceTree = "<group>"; };
		B4E24B311DFDAF5F00A46E99 /* SearchDataSource.swift */ = {isa = PBXFileReference; fileEncoding = 4; lastKnownFileType = sourcecode.swift; path = SearchDataSource.swift; sourceTree = "<group>"; };
		B4E24B371DFDC43800A46E99 /* UserDetailsViewController.swift */ = {isa = PBXFileReference; fileEncoding = 4; lastKnownFileType = sourcecode.swift; path = UserDetailsViewController.swift; sourceTree = "<group>"; };
		B4E24B3B1DFDC46500A46E99 /* UserDetailsView.swift */ = {isa = PBXFileReference; fileEncoding = 4; lastKnownFileType = sourcecode.swift; path = UserDetailsView.swift; sourceTree = "<group>"; };
		B4E24B3D1DFDC47A00A46E99 /* RepositoryDetailsViewController.swift */ = {isa = PBXFileReference; fileEncoding = 4; lastKnownFileType = sourcecode.swift; path = RepositoryDetailsViewController.swift; sourceTree = "<group>"; };
		B4E24B3F1DFDC48F00A46E99 /* RepositoryDetailsView.swift */ = {isa = PBXFileReference; fileEncoding = 4; lastKnownFileType = sourcecode.swift; path = RepositoryDetailsView.swift; sourceTree = "<group>"; };
/* End PBXFileReference section */

/* Begin PBXFrameworksBuildPhase section */
		B422ABD81DFC441F00925E6A /* Frameworks */ = {
			isa = PBXFrameworksBuildPhase;
			buildActionMask = 2147483647;
			files = (
				27C09F22F6008485D7D1F800 /* Pods_ElPassion_Github.framework in Frameworks */,
			);
			runOnlyForDeploymentPostprocessing = 0;
		};
/* End PBXFrameworksBuildPhase section */

/* Begin PBXGroup section */
		7995562BD3EC990B2EE86310 /* Frameworks */ = {
			isa = PBXGroup;
			children = (
				58CBCAD07732548049A6E538 /* Pods_ElPassion_Github.framework */,
			);
			name = Frameworks;
			sourceTree = "<group>";
		};
		89FF61BB46D4A536C3A18B09 /* Pods */ = {
			isa = PBXGroup;
			children = (
				2818D1314CA980AEDF83572F /* Pods-ElPassion-Github.debug.xcconfig */,
				7C9B35ABA464181DCA3B0439 /* Pods-ElPassion-Github.release.xcconfig */,
			);
			name = Pods;
			sourceTree = "<group>";
		};
		B422ABD21DFC441F00925E6A = {
			isa = PBXGroup;
			children = (
				B422ABDD1DFC441F00925E6A /* ElPassion-Github */,
				B422ABDC1DFC441F00925E6A /* Products */,
				89FF61BB46D4A536C3A18B09 /* Pods */,
				7995562BD3EC990B2EE86310 /* Frameworks */,
			);
			sourceTree = "<group>";
		};
		B422ABDC1DFC441F00925E6A /* Products */ = {
			isa = PBXGroup;
			children = (
				B422ABDB1DFC441F00925E6A /* ElPassion-Github.app */,
			);
			name = Products;
			sourceTree = "<group>";
		};
		B422ABDD1DFC441F00925E6A /* ElPassion-Github */ = {
			isa = PBXGroup;
			children = (
				B422ABDE1DFC441F00925E6A /* AppDelegate.swift */,
				B422ABF01DFC457400925E6A /* API */,
				B422ABF81DFC457400925E6A /* Controllers */,
				B422ABFC1DFC457400925E6A /* Views */,
				B422ABFA1DFC457400925E6A /* Models */,
				B422ABF91DFC457400925E6A /* Extension */,
				B422ABF11DFC457400925E6A /* Assets */,
				B422ABFB1DFC457400925E6A /* Resources */,
			);
			path = "ElPassion-Github";
			sourceTree = "<group>";
		};
		B422ABF01DFC457400925E6A /* API */ = {
			isa = PBXGroup;
			children = (
				B48927631DFC71EE00DB940F /* APIManager.swift */,
			);
			path = API;
			sourceTree = "<group>";
		};
		B422ABF11DFC457400925E6A /* Assets */ = {
			isa = PBXGroup;
			children = (
			);
			path = Assets;
			sourceTree = "<group>";
		};
		B422ABF31DFC457400925E6A /* Base.lproj */ = {
			isa = PBXGroup;
			children = (
				B422ABF41DFC457400925E6A /* LaunchScreen.storyboard */,
				B422ABF61DFC457400925E6A /* Main.storyboard */,
			);
			name = Base.lproj;
			path = ../Base.lproj;
			sourceTree = "<group>";
		};
		B422ABF81DFC457400925E6A /* Controllers */ = {
			isa = PBXGroup;
			children = (
				B4E24B351DFDC42E00A46E99 /* Repos */,
				B4E24B361DFDC42E00A46E99 /* User */,
				B489275D1DFC64D900DB940F /* SearchViewController.swift */,
				B4E24B311DFDAF5F00A46E99 /* SearchDataSource.swift */,
			);
			path = Controllers;
			sourceTree = "<group>";
		};
		B422ABF91DFC457400925E6A /* Extension */ = {
			isa = PBXGroup;
			children = (
				B48927611DFC6FD200DB940F /* UISearchBar+Appearance.swift */,
			);
			path = Extension;
			sourceTree = "<group>";
		};
		B422ABFA1DFC457400925E6A /* Models */ = {
			isa = PBXGroup;
			children = (
			);
			path = Models;
			sourceTree = "<group>";
		};
		B422ABFB1DFC457400925E6A /* Resources */ = {
			isa = PBXGroup;
			children = (
				B422ABF31DFC457400925E6A /* Base.lproj */,
				B422ABEA1DFC441F00925E6A /* Info.plist */,
				B422AC001DFC45F400925E6A /* Assets.xcassets */,
			);
			path = Resources;
			sourceTree = "<group>";
		};
		B422ABFC1DFC457400925E6A /* Views */ = {
			isa = PBXGroup;
			children = (
				B4E24B391DFDC45600A46E99 /* Repos */,
				B4E24B3A1DFDC45600A46E99 /* User */,
				B489275F1DFC655900DB940F /* SearchView.swift */,
			);
			path = Views;
			sourceTree = "<group>";
		};
		B4E24B351DFDC42E00A46E99 /* Repos */ = {
			isa = PBXGroup;
			children = (
				B4E24B3D1DFDC47A00A46E99 /* RepositoryDetailsViewController.swift */,
			);
			path = Repos;
			sourceTree = "<group>";
		};
		B4E24B361DFDC42E00A46E99 /* User */ = {
			isa = PBXGroup;
			children = (
				B4E24B371DFDC43800A46E99 /* UserDetailsViewController.swift */,
			);
			path = User;
			sourceTree = "<group>";
		};
		B4E24B391DFDC45600A46E99 /* Repos */ = {
			isa = PBXGroup;
			children = (
				B4E24B3F1DFDC48F00A46E99 /* RepositoryDetailsView.swift */,
			);
			path = Repos;
			sourceTree = "<group>";
		};
		B4E24B3A1DFDC45600A46E99 /* User */ = {
			isa = PBXGroup;
			children = (
				B4E24B3B1DFDC46500A46E99 /* UserDetailsView.swift */,
			);
			path = User;
			sourceTree = "<group>";
		};
/* End PBXGroup section */

/* Begin PBXNativeTarget section */
		B422ABDA1DFC441F00925E6A /* ElPassion-Github */ = {
			isa = PBXNativeTarget;
			buildConfigurationList = B422ABED1DFC441F00925E6A /* Build configuration list for PBXNativeTarget "ElPassion-Github" */;
			buildPhases = (
				E16676CD00BD34152F809E53 /* [CP] Check Pods Manifest.lock */,
				B422ABD71DFC441F00925E6A /* Sources */,
				B422ABD81DFC441F00925E6A /* Frameworks */,
				B422ABD91DFC441F00925E6A /* Resources */,
				B15660564EB9D879C70214F7 /* [CP] Embed Pods Frameworks */,
				951AC3BAF9DBED1F35A744C3 /* [CP] Copy Pods Resources */,
			);
			buildRules = (
			);
			dependencies = (
			);
			name = "ElPassion-Github";
			productName = "ElPassion-Github";
			productReference = B422ABDB1DFC441F00925E6A /* ElPassion-Github.app */;
			productType = "com.apple.product-type.application";
		};
/* End PBXNativeTarget section */

/* Begin PBXProject section */
		B422ABD31DFC441F00925E6A /* Project object */ = {
			isa = PBXProject;
			attributes = {
				LastSwiftUpdateCheck = 0810;
				LastUpgradeCheck = 0810;
				ORGANIZATIONNAME = "Dominik Reczek";
				TargetAttributes = {
					B422ABDA1DFC441F00925E6A = {
						CreatedOnToolsVersion = 8.1;
						DevelopmentTeam = 8BA4XK6Q7R;
						ProvisioningStyle = Automatic;
					};
				};
			};
			buildConfigurationList = B422ABD61DFC441F00925E6A /* Build configuration list for PBXProject "ElPassion-Github" */;
			compatibilityVersion = "Xcode 3.2";
			developmentRegion = English;
			hasScannedForEncodings = 0;
			knownRegions = (
				en,
				Base,
			);
			mainGroup = B422ABD21DFC441F00925E6A;
			productRefGroup = B422ABDC1DFC441F00925E6A /* Products */;
			projectDirPath = "";
			projectRoot = "";
			targets = (
				B422ABDA1DFC441F00925E6A /* ElPassion-Github */,
			);
		};
/* End PBXProject section */

/* Begin PBXResourcesBuildPhase section */
		B422ABD91DFC441F00925E6A /* Resources */ = {
			isa = PBXResourcesBuildPhase;
			buildActionMask = 2147483647;
			files = (
				B422AC011DFC45F400925E6A /* Assets.xcassets in Resources */,
			);
			runOnlyForDeploymentPostprocessing = 0;
		};
/* End PBXResourcesBuildPhase section */

/* Begin PBXShellScriptBuildPhase section */
		951AC3BAF9DBED1F35A744C3 /* [CP] Copy Pods Resources */ = {
			isa = PBXShellScriptBuildPhase;
			buildActionMask = 2147483647;
			files = (
			);
			inputPaths = (
			);
			name = "[CP] Copy Pods Resources";
			outputPaths = (
			);
			runOnlyForDeploymentPostprocessing = 0;
			shellPath = /bin/sh;
			shellScript = "\"${SRCROOT}/Pods/Target Support Files/Pods-ElPassion-Github/Pods-ElPassion-Github-resources.sh\"\n";
			showEnvVarsInLog = 0;
		};
		B15660564EB9D879C70214F7 /* [CP] Embed Pods Frameworks */ = {
			isa = PBXShellScriptBuildPhase;
			buildActionMask = 2147483647;
			files = (
			);
			inputPaths = (
			);
			name = "[CP] Embed Pods Frameworks";
			outputPaths = (
			);
			runOnlyForDeploymentPostprocessing = 0;
			shellPath = /bin/sh;
			shellScript = "\"${SRCROOT}/Pods/Target Support Files/Pods-ElPassion-Github/Pods-ElPassion-Github-frameworks.sh\"\n";
			showEnvVarsInLog = 0;
		};
		E16676CD00BD34152F809E53 /* [CP] Check Pods Manifest.lock */ = {
			isa = PBXShellScriptBuildPhase;
			buildActionMask = 2147483647;
			files = (
			);
			inputPaths = (
			);
			name = "[CP] Check Pods Manifest.lock";
			outputPaths = (
			);
			runOnlyForDeploymentPostprocessing = 0;
			shellPath = /bin/sh;
			shellScript = "diff \"${PODS_ROOT}/../Podfile.lock\" \"${PODS_ROOT}/Manifest.lock\" > /dev/null\nif [ $? != 0 ] ; then\n    # print error to STDERR\n    echo \"error: The sandbox is not in sync with the Podfile.lock. Run 'pod install' or update your CocoaPods installation.\" >&2\n    exit 1\nfi\n";
			showEnvVarsInLog = 0;
		};
/* End PBXShellScriptBuildPhase section */

/* Begin PBXSourcesBuildPhase section */
		B422ABD71DFC441F00925E6A /* Sources */ = {
			isa = PBXSourcesBuildPhase;
			buildActionMask = 2147483647;
			files = (
				B4E24B3C1DFDC46500A46E99 /* UserDetailsView.swift in Sources */,
				B4E24B321DFDAF5F00A46E99 /* SearchDataSource.swift in Sources */,
				B4E24B3E1DFDC47A00A46E99 /* RepositoryDetailsViewController.swift in Sources */,
				B4E24B401DFDC48F00A46E99 /* RepositoryDetailsView.swift in Sources */,
				B489275E1DFC64D900DB940F /* SearchViewController.swift in Sources */,
				B48927601DFC655900DB940F /* SearchView.swift in Sources */,
				B48927641DFC71EE00DB940F /* APIManager.swift in Sources */,
				B4E24B381DFDC43800A46E99 /* UserDetailsViewController.swift in Sources */,
				B422ABDF1DFC441F00925E6A /* AppDelegate.swift in Sources */,
				B48927621DFC6FD200DB940F /* UISearchBar+Appearance.swift in Sources */,
			);
			runOnlyForDeploymentPostprocessing = 0;
		};
/* End PBXSourcesBuildPhase section */

/* Begin PBXVariantGroup section */
		B422ABF41DFC457400925E6A /* LaunchScreen.storyboard */ = {
			isa = PBXVariantGroup;
			children = (
				B422ABF51DFC457400925E6A /* Base */,
			);
			name = LaunchScreen.storyboard;
			sourceTree = "<group>";
		};
		B422ABF61DFC457400925E6A /* Main.storyboard */ = {
			isa = PBXVariantGroup;
			children = (
				B422ABF71DFC457400925E6A /* Base */,
			);
			name = Main.storyboard;
			sourceTree = "<group>";
		};
/* End PBXVariantGroup section */

/* Begin XCBuildConfiguration section */
		B422ABEB1DFC441F00925E6A /* Debug */ = {
			isa = XCBuildConfiguration;
			buildSettings = {
				ALWAYS_SEARCH_USER_PATHS = NO;
				CLANG_ANALYZER_NONNULL = YES;
				CLANG_CXX_LANGUAGE_STANDARD = "gnu++0x";
				CLANG_CXX_LIBRARY = "libc++";
				CLANG_ENABLE_MODULES = YES;
				CLANG_ENABLE_OBJC_ARC = YES;
				CLANG_WARN_BOOL_CONVERSION = YES;
				CLANG_WARN_CONSTANT_CONVERSION = YES;
				CLANG_WARN_DIRECT_OBJC_ISA_USAGE = YES_ERROR;
				CLANG_WARN_DOCUMENTATION_COMMENTS = YES;
				CLANG_WARN_EMPTY_BODY = YES;
				CLANG_WARN_ENUM_CONVERSION = YES;
				CLANG_WARN_INFINITE_RECURSION = YES;
				CLANG_WARN_INT_CONVERSION = YES;
				CLANG_WARN_OBJC_ROOT_CLASS = YES_ERROR;
				CLANG_WARN_SUSPICIOUS_MOVES = YES;
				CLANG_WARN_UNREACHABLE_CODE = YES;
				CLANG_WARN__DUPLICATE_METHOD_MATCH = YES;
				"CODE_SIGN_IDENTITY[sdk=iphoneos*]" = "iPhone Developer";
				COPY_PHASE_STRIP = NO;
				DEBUG_INFORMATION_FORMAT = dwarf;
				ENABLE_STRICT_OBJC_MSGSEND = YES;
				ENABLE_TESTABILITY = YES;
				GCC_C_LANGUAGE_STANDARD = gnu99;
				GCC_DYNAMIC_NO_PIC = NO;
				GCC_NO_COMMON_BLOCKS = YES;
				GCC_OPTIMIZATION_LEVEL = 0;
				GCC_PREPROCESSOR_DEFINITIONS = (
					"DEBUG=1",
					"$(inherited)",
				);
				GCC_WARN_64_TO_32_BIT_CONVERSION = YES;
				GCC_WARN_ABOUT_RETURN_TYPE = YES_ERROR;
				GCC_WARN_UNDECLARED_SELECTOR = YES;
				GCC_WARN_UNINITIALIZED_AUTOS = YES_AGGRESSIVE;
				GCC_WARN_UNUSED_FUNCTION = YES;
				GCC_WARN_UNUSED_VARIABLE = YES;
				IPHONEOS_DEPLOYMENT_TARGET = 9.0;
				MTL_ENABLE_DEBUG_INFO = YES;
				ONLY_ACTIVE_ARCH = YES;
				SDKROOT = iphoneos;
				SWIFT_ACTIVE_COMPILATION_CONDITIONS = DEBUG;
				SWIFT_OPTIMIZATION_LEVEL = "-Onone";
			};
			name = Debug;
		};
		B422ABEC1DFC441F00925E6A /* Release */ = {
			isa = XCBuildConfiguration;
			buildSettings = {
				ALWAYS_SEARCH_USER_PATHS = NO;
				CLANG_ANALYZER_NONNULL = YES;
				CLANG_CXX_LANGUAGE_STANDARD = "gnu++0x";
				CLANG_CXX_LIBRARY = "libc++";
				CLANG_ENABLE_MODULES = YES;
				CLANG_ENABLE_OBJC_ARC = YES;
				CLANG_WARN_BOOL_CONVERSION = YES;
				CLANG_WARN_CONSTANT_CONVERSION = YES;
				CLANG_WARN_DIRECT_OBJC_ISA_USAGE = YES_ERROR;
				CLANG_WARN_DOCUMENTATION_COMMENTS = YES;
				CLANG_WARN_EMPTY_BODY = YES;
				CLANG_WARN_ENUM_CONVERSION = YES;
				CLANG_WARN_INFINITE_RECURSION = YES;
				CLANG_WARN_INT_CONVERSION = YES;
				CLANG_WARN_OBJC_ROOT_CLASS = YES_ERROR;
				CLANG_WARN_SUSPICIOUS_MOVES = YES;
				CLANG_WARN_UNREACHABLE_CODE = YES;
				CLANG_WARN__DUPLICATE_METHOD_MATCH = YES;
				"CODE_SIGN_IDENTITY[sdk=iphoneos*]" = "iPhone Developer";
				COPY_PHASE_STRIP = NO;
				DEBUG_INFORMATION_FORMAT = "dwarf-with-dsym";
				ENABLE_NS_ASSERTIONS = NO;
				ENABLE_STRICT_OBJC_MSGSEND = YES;
				GCC_C_LANGUAGE_STANDARD = gnu99;
				GCC_NO_COMMON_BLOCKS = YES;
				GCC_WARN_64_TO_32_BIT_CONVERSION = YES;
				GCC_WARN_ABOUT_RETURN_TYPE = YES_ERROR;
				GCC_WARN_UNDECLARED_SELECTOR = YES;
				GCC_WARN_UNINITIALIZED_AUTOS = YES_AGGRESSIVE;
				GCC_WARN_UNUSED_FUNCTION = YES;
				GCC_WARN_UNUSED_VARIABLE = YES;
				IPHONEOS_DEPLOYMENT_TARGET = 9.0;
				MTL_ENABLE_DEBUG_INFO = NO;
				SDKROOT = iphoneos;
				SWIFT_OPTIMIZATION_LEVEL = "-Owholemodule";
				VALIDATE_PRODUCT = YES;
			};
			name = Release;
		};
		B422ABEE1DFC441F00925E6A /* Debug */ = {
			isa = XCBuildConfiguration;
			baseConfigurationReference = 2818D1314CA980AEDF83572F /* Pods-ElPassion-Github.debug.xcconfig */;
			buildSettings = {
				ASSETCATALOG_COMPILER_APPICON_NAME = AppIcon;
				DEVELOPMENT_TEAM = 8BA4XK6Q7R;
				INFOPLIST_FILE = "ElPassion-Github/Info.plist";
				IPHONEOS_DEPLOYMENT_TARGET = 9.0;
				LD_RUNPATH_SEARCH_PATHS = "$(inherited) @executable_path/Frameworks";
				PRODUCT_BUNDLE_IDENTIFIER = "Dominik-Reczek.ElPassion-Github";
				PRODUCT_NAME = "$(TARGET_NAME)";
				SWIFT_VERSION = 3.0;
				TARGETED_DEVICE_FAMILY = 1;
			};
			name = Debug;
		};
		B422ABEF1DFC441F00925E6A /* Release */ = {
			isa = XCBuildConfiguration;
			baseConfigurationReference = 7C9B35ABA464181DCA3B0439 /* Pods-ElPassion-Github.release.xcconfig */;
			buildSettings = {
				ASSETCATALOG_COMPILER_APPICON_NAME = AppIcon;
				DEVELOPMENT_TEAM = 8BA4XK6Q7R;
				INFOPLIST_FILE = "ElPassion-Github/Info.plist";
				IPHONEOS_DEPLOYMENT_TARGET = 9.0;
				LD_RUNPATH_SEARCH_PATHS = "$(inherited) @executable_path/Frameworks";
				PRODUCT_BUNDLE_IDENTIFIER = "Dominik-Reczek.ElPassion-Github";
				PRODUCT_NAME = "$(TARGET_NAME)";
				SWIFT_VERSION = 3.0;
				TARGETED_DEVICE_FAMILY = 1;
			};
			name = Release;
		};
/* End XCBuildConfiguration section */

/* Begin XCConfigurationList section */
		B422ABD61DFC441F00925E6A /* Build configuration list for PBXProject "ElPassion-Github" */ = {
			isa = XCConfigurationList;
			buildConfigurations = (
				B422ABEB1DFC441F00925E6A /* Debug */,
				B422ABEC1DFC441F00925E6A /* Release */,
			);
			defaultConfigurationIsVisible = 0;
			defaultConfigurationName = Release;
		};
		B422ABED1DFC441F00925E6A /* Build configuration list for PBXNativeTarget "ElPassion-Github" */ = {
			isa = XCConfigurationList;
			buildConfigurations = (
				B422ABEE1DFC441F00925E6A /* Debug */,
				B422ABEF1DFC441F00925E6A /* Release */,
			);
			defaultConfigurationIsVisible = 0;
			defaultConfigurationName = Release;
		};
/* End XCConfigurationList section */
	};
	rootObject = B422ABD31DFC441F00925E6A /* Project object */;
}
